
Microsoft Visual Studio Solution File, Format Version 12.00
# Visual Studio Version 16
VisualStudioVersion = 16.0.31624.102
MinimumVisualStudioVersion = 10.0.40219.1
Project("{FAE04EC0-301F-11D3-BF4B-00C04F79EFBC}") = "Notes.Android", "Notes\Notes.Android\Notes.Android.csproj", "{5480673B-FD38-416A-BB29-5849A08E7AFF}"
EndProject
Project("{FAE04EC0-301F-11D3-BF4B-00C04F79EFBC}") = "Notes.iOS", "Notes\Notes.iOS\Notes.iOS.csproj", "{4BF89176-64DD-4186-ACDC-82FF3445062A}"
EndProject
Project("{FAE04EC0-301F-11D3-BF4B-00C04F79EFBC}") = "Notes", "Notes\Notes\Notes.csproj", "{A96C89E8-C40E-483D-8A12-97117201E284}"
EndProject
Global
	GlobalSection(SolutionConfigurationPlatforms) = preSolution
		Debug|Any CPU = Debug|Any CPU
		Debug|iPhone = Debug|iPhone
		Debug|iPhoneSimulator = Debug|iPhoneSimulator
		Release|Any CPU = Release|Any CPU
		Release|iPhone = Release|iPhone
		Release|iPhoneSimulator = Release|iPhoneSimulator
	EndGlobalSection
	GlobalSection(ProjectConfigurationPlatforms) = postSolution
		{5480673B-FD38-416A-BB29-5849A08E7AFF}.Debug|Any CPU.ActiveCfg = Debug|Any CPU
		{5480673B-FD38-416A-BB29-5849A08E7AFF}.Debug|Any CPU.Build.0 = Debug|Any CPU
		{5480673B-FD38-416A-BB29-5849A08E7AFF}.Debug|Any CPU.Deploy.0 = Debug|Any CPU
		{5480673B-FD38-416A-BB29-5849A08E7AFF}.Debug|iPhone.ActiveCfg = Debug|Any CPU
		{5480673B-FD38-416A-BB29-5849A08E7AFF}.Debug|iPhone.Build.0 = Debug|Any CPU
		{5480673B-FD38-416A-BB29-5849A08E7AFF}.Debug|iPhone.Deploy.0 = Debug|Any CPU
		{5480673B-FD38-416A-BB29-5849A08E7AFF}.Debug|iPhoneSimulator.ActiveCfg = Debug|Any CPU
		{5480673B-FD38-416A-BB29-5849A08E7AFF}.Debug|iPhoneSimulator.Build.0 = Debug|Any CPU
		{5480673B-FD38-416A-BB29-5849A08E7AFF}.Debug|iPhoneSimulator.Deploy.0 = Debug|Any CPU
		{5480673B-FD38-416A-BB29-5849A08E7AFF}.Release|Any CPU.ActiveCfg = Release|Any CPU
		{5480673B-FD38-416A-BB29-5849A08E7AFF}.Release|Any CPU.Build.0 = Release|Any CPU
		{5480673B-FD38-416A-BB29-5849A08E7AFF}.Release|Any CPU.Deploy.0 = Release|Any CPU
		{5480673B-FD38-416A-BB29-5849A08E7AFF}.Release|iPhone.ActiveCfg = Release|Any CPU
		{5480673B-FD38-416A-BB29-5849A08E7AFF}.Release|iPhone.Build.0 = Release|Any CPU
		{5480673B-FD38-416A-BB29-5849A08E7AFF}.Release|iPhone.Deploy.0 = Release|Any CPU
		{5480673B-FD38-416A-BB29-5849A08E7AFF}.Release|iPhoneSimulator.ActiveCfg = Release|Any CPU
		{5480673B-FD38-416A-BB29-5849A08E7AFF}.Release|iPhoneSimulator.Build.0 = Release|Any CPU
		{5480673B-FD38-416A-BB29-5849A08E7AFF}.Release|iPhoneSimulator.Deploy.0 = Release|Any CPU
		{4BF89176-64DD-4186-ACDC-82FF3445062A}.Debug|Any CPU.ActiveCfg = Debug|iPhone
		{4BF89176-64DD-4186-ACDC-82FF3445062A}.Debug|Any CPU.Build.0 = Debug|iPhone
		{4BF89176-64DD-4186-ACDC-82FF3445062A}.Debug|Any CPU.Deploy.0 = Debug|iPhone
		{4BF89176-64DD-4186-ACDC-82FF3445062A}.Debug|iPhone.ActiveCfg = Debug|iPhone
		{4BF89176-64DD-4186-ACDC-82FF3445062A}.Debug|iPhone.Build.0 = Debug|iPhone
		{4BF89176-64DD-4186-ACDC-82FF3445062A}.Debug|iPhone.Deploy.0 = Debug|iPhone
		{4BF89176-64DD-4186-ACDC-82FF3445062A}.Debug|iPhoneSimulator.ActiveCfg = Debug|iPhoneSimulator
		{4BF89176-64DD-4186-ACDC-82FF3445062A}.Debug|iPhoneSimulator.Build.0 = Debug|iPhoneSimulator
		{4BF89176-64DD-4186-ACDC-82FF3445062A}.Debug|iPhoneSimulator.Deploy.0 = Debug|iPhoneSimulator
		{4BF89176-64DD-4186-ACDC-82FF3445062A}.Release|Any CPU.ActiveCfg = Release|iPhoneSimulator
		{4BF89176-64DD-4186-ACDC-82FF3445062A}.Release|Any CPU.Build.0 = Release|iPhoneSimulator
		{4BF89176-64DD-4186-ACDC-82FF3445062A}.Release|Any CPU.Deploy.0 = Release|iPhoneSimulator
		{4BF89176-64DD-4186-ACDC-82FF3445062A}.Release|iPhone.ActiveCfg = Release|iPhone
		{4BF89176-64DD-4186-ACDC-82FF3445062A}.Release|iPhone.Build.0 = Release|iPhone
		{4BF89176-64DD-4186-ACDC-82FF3445062A}.Release|iPhone.Deploy.0 = Release|iPhone
		{4BF89176-64DD-4186-ACDC-82FF3445062A}.Release|iPhoneSimulator.ActiveCfg = Release|iPhoneSimulator
		{4BF89176-64DD-4186-ACDC-82FF3445062A}.Release|iPhoneSimulator.Build.0 = Release|iPhoneSimulator
		{4BF89176-64DD-4186-ACDC-82FF3445062A}.Release|iPhoneSimulator.Deploy.0 = Release|iPhoneSimulator
		{A96C89E8-C40E-483D-8A12-97117201E284}.Debug|Any CPU.ActiveCfg = Debug|Any CPU
		{A96C89E8-C40E-483D-8A12-97117201E284}.Debug|Any CPU.Build.0 = Debug|Any CPU
		{A96C89E8-C40E-483D-8A12-97117201E284}.Debug|Any CPU.Deploy.0 = Debug|Any CPU
		{A96C89E8-C40E-483D-8A12-97117201E284}.Debug|iPhone.ActiveCfg = Debug|Any CPU
		{A96C89E8-C40E-483D-8A12-97117201E284}.Debug|iPhone.Build.0 = Debug|Any CPU
		{A96C89E8-C40E-483D-8A12-97117201E284}.Debug|iPhone.Deploy.0 = Debug|Any CPU
		{A96C89E8-C40E-483D-8A12-97117201E284}.Debug|iPhoneSimulator.ActiveCfg = Debug|Any CPU
		{A96C89E8-C40E-483D-8A12-97117201E284}.Debug|iPhoneSimulator.Build.0 = Debug|Any CPU
		{A96C89E8-C40E-483D-8A12-97117201E284}.Debug|iPhoneSimulator.Deploy.0 = Debug|Any CPU
		{A96C89E8-C40E-483D-8A12-97117201E284}.Release|Any CPU.ActiveCfg = Release|Any CPU
		{A96C89E8-C40E-483D-8A12-97117201E284}.Release|Any CPU.Build.0 = Release|Any CPU
		{A96C89E8-C40E-483D-8A12-97117201E284}.Release|Any CPU.Deploy.0 = Release|Any CPU
		{A96C89E8-C40E-483D-8A12-97117201E284}.Release|iPhone.ActiveCfg = Release|Any CPU
		{A96C89E8-C40E-483D-8A12-97117201E284}.Release|iPhone.Build.0 = Release|Any CPU
		{A96C89E8-C40E-483D-8A12-97117201E284}.Release|iPhone.Deploy.0 = Release|Any CPU
		{A96C89E8-C40E-483D-8A12-97117201E284}.Release|iPhoneSimulator.ActiveCfg = Release|Any CPU
		{A96C89E8-C40E-483D-8A12-97117201E284}.Release|iPhoneSimulator.Build.0 = Release|Any CPU
		{A96C89E8-C40E-483D-8A12-97117201E284}.Release|iPhoneSimulator.Deploy.0 = Release|Any CPU
	EndGlobalSection
	GlobalSection(SolutionProperties) = preSolution
		HideSolutionNode = FALSE
	EndGlobalSection
	GlobalSection(ExtensibilityGlobals) = postSolution
		SolutionGuid = {051B0750-7F76-47F5-9FE1-61DAEA5268C5}
	EndGlobalSection
EndGlobal
